{"version":4,"terraform_version":"1.11.2","serial":25,"lineage":"4cb6b1a0-ab14-5dca-28a9-98566aed0950","outputs":{},"resources":[{"mode":"data","type":"cloudflare_accounts","name":"jollyjerr","provider":"provider[\"registry.opentofu.org/cloudflare/cloudflare\"]","instances":[{"schema_version":0,"attributes":{"accounts":[{"enforce_twofactor":false,"id":"32d529bf661fa19ba2948d223ba91459","name":"jollyjerr","type":"standard"}],"id":"cf78ec1a617816adf62e226c108cf01f","name":"jollyjerr"},"sensitive_attributes":[]}]},{"mode":"data","type":"cloudflare_zone","name":"jtabbzone","provider":"provider[\"registry.opentofu.org/cloudflare/cloudflare\"]","instances":[{"schema_version":0,"attributes":{"account_id":"32d529bf661fa19ba2948d223ba91459","id":"426f43d1c949423fec9e8c02afbb8132","name":"jtabb.dev","name_servers":["brian.ns.cloudflare.com","kami.ns.cloudflare.com"],"paused":false,"plan":"Free Website","status":"active","vanity_name_servers":[],"zone_id":"426f43d1c949423fec9e8c02afbb8132"},"sensitive_attributes":[]}]},{"mode":"managed","type":"cloudflare_list","name":"redirectwww","provider":"provider[\"registry.opentofu.org/cloudflare/cloudflare\"]","instances":[{"schema_version":0,"attributes":{"account_id":"32d529bf661fa19ba2948d223ba91459","description":"","id":"7c8f824e7e184355ab97f797a1987af6","item":[{"comment":"","value":[{"asn":0,"hostname":[],"ip":"","redirect":[{"include_subdomains":"","preserve_path_suffix":"enabled","preserve_query_string":"enabled","source_url":"www.jtabb.dev/","status_code":301,"subpath_matching":"enabled","target_url":"https://jtabb.dev"}]}]}],"kind":"redirect","name":"redirectwww"},"sensitive_attributes":[],"private":"bnVsbA==","dependencies":["data.cloudflare_accounts.jollyjerr"]}]},{"mode":"managed","type":"cloudflare_pages_domain","name":"jtabbdomain","provider":"provider[\"registry.opentofu.org/cloudflare/cloudflare\"]","instances":[{"schema_version":0,"attributes":{"account_id":"32d529bf661fa19ba2948d223ba91459","domain":"jtabb.dev","id":"9e7abf04-c3b9-415b-bce4-97126ccaf4ee","project_name":"jtabb","status":"active"},"sensitive_attributes":[],"private":"bnVsbA==","dependencies":["cloudflare_pages_project.jtabb","data.cloudflare_accounts.jollyjerr"]}]},{"mode":"managed","type":"cloudflare_pages_project","name":"jtabb","provider":"provider[\"registry.opentofu.org/cloudflare/cloudflare\"]","instances":[{"schema_version":0,"attributes":{"account_id":"32d529bf661fa19ba2948d223ba91459","build_config":[{"build_caching":false,"build_command":"zola build","destination_dir":"public","root_dir":"","web_analytics_tag":"","web_analytics_token":""}],"created_on":"2024-07-25T19:12:50Z","deployment_configs":[{"preview":[{"always_use_latest_compatibility_date":false,"compatibility_date":"2024-07-25","compatibility_flags":[],"d1_databases":{},"durable_object_namespaces":{},"environment_variables":{"NODE_VERSION":"22.5.1","PNPM_VERSION":"9.6.0"},"fail_open":false,"kv_namespaces":{},"placement":[{"mode":""}],"r2_buckets":{},"secrets":{},"service_binding":[],"usage_model":"bundled"}],"production":[{"always_use_latest_compatibility_date":false,"compatibility_date":"2024-07-25","compatibility_flags":[],"d1_databases":{},"durable_object_namespaces":{},"environment_variables":{"NODE_VERSION":"22.5.1","PNPM_VERSION":"9.6.0"},"fail_open":false,"kv_namespaces":{},"placement":[{"mode":""}],"r2_buckets":{},"secrets":{},"service_binding":[],"usage_model":"bundled"}]}],"domains":["jtabb.pages.dev","jtabb.dev"],"id":"jtabb","name":"jtabb","production_branch":"main","source":[{"config":[{"deployments_enabled":true,"owner":"jollyjerr","pr_comments_enabled":true,"preview_branch_excludes":["main"],"preview_branch_includes":["preview"],"preview_deployment_setting":"all","production_branch":"main","production_deployment_enabled":true,"repo_name":"jollyjerr"}],"type":"github"}],"subdomain":"jtabb.pages.dev"},"sensitive_attributes":[[{"type":"get_attr","value":"deployment_configs"},{"type":"index","value":{"value":0,"type":"number"}},{"type":"get_attr","value":"preview"},{"type":"index","value":{"value":0,"type":"number"}},{"type":"get_attr","value":"secrets"}],[{"type":"get_attr","value":"deployment_configs"},{"type":"index","value":{"value":0,"type":"number"}},{"type":"get_attr","value":"production"},{"type":"index","value":{"value":0,"type":"number"}},{"type":"get_attr","value":"secrets"}]],"private":"bnVsbA==","dependencies":["data.cloudflare_accounts.jollyjerr"]}]},{"mode":"managed","type":"cloudflare_record","name":"jtabbdns","provider":"provider[\"registry.opentofu.org/cloudflare/cloudflare\"]","instances":[{"schema_version":2,"attributes":{"allow_overwrite":false,"comment":"","created_on":"2024-07-29T02:41:48.125424Z","data":[],"hostname":"jtabb.dev","id":"a80d7cacdf8a439559da1954724086a4","metadata":{},"modified_on":"2024-07-29T02:47:44.61114Z","name":"@","priority":null,"proxiable":true,"proxied":true,"tags":[],"timeouts":null,"ttl":1,"type":"CNAME","value":"jtabb.pages.dev","zone_id":"426f43d1c949423fec9e8c02afbb8132"},"sensitive_attributes":[],"private":"eyJlMmJmYjczMC1lY2FhLTExZTYtOGY4OC0zNDM2M2JjN2M0YzAiOnsiY3JlYXRlIjozMDAwMDAwMDAwMCwidXBkYXRlIjozMDAwMDAwMDAwMH0sInNjaGVtYV92ZXJzaW9uIjoiMiJ9","dependencies":["data.cloudflare_accounts.jollyjerr","data.cloudflare_zone.jtabbzone"]}]},{"mode":"managed","type":"cloudflare_record","name":"wwwdns","provider":"provider[\"registry.opentofu.org/cloudflare/cloudflare\"]","instances":[{"schema_version":2,"attributes":{"allow_overwrite":false,"comment":"","created_on":"2024-07-30T01:29:21.601704Z","data":[],"hostname":"www.jtabb.dev","id":"d2cc56d4a51581efccbda76aeeecfa65","metadata":{},"modified_on":"2024-07-30T01:29:21.601704Z","name":"www","priority":null,"proxiable":true,"proxied":true,"tags":[],"timeouts":null,"ttl":1,"type":"CNAME","value":"jtabb.dev","zone_id":"426f43d1c949423fec9e8c02afbb8132"},"sensitive_attributes":[],"private":"eyJlMmJmYjczMC1lY2FhLTExZTYtOGY4OC0zNDM2M2JjN2M0YzAiOnsiY3JlYXRlIjozMDAwMDAwMDAwMCwidXBkYXRlIjozMDAwMDAwMDAwMH0sInNjaGVtYV92ZXJzaW9uIjoiMiJ9","dependencies":["data.cloudflare_accounts.jollyjerr","data.cloudflare_zone.jtabbzone"]}]},{"mode":"managed","type":"cloudflare_ruleset","name":"apply_www_redirect","provider":"provider[\"registry.opentofu.org/cloudflare/cloudflare\"]","instances":[{"schema_version":0,"attributes":{"account_id":"32d529bf661fa19ba2948d223ba91459","description":"","id":"76cafde29b9242c78867228063806a3f","kind":"root","name":"default","phase":"http_request_redirect","rules":[{"action":"redirect","action_parameters":[{"additional_cacheable_ports":null,"algorithms":[],"automatic_https_rewrites":null,"autominify":[],"bic":null,"browser_ttl":[],"cache":null,"cache_key":[],"content":null,"content_type":null,"cookie_fields":null,"disable_apps":null,"disable_railgun":null,"disable_rum":null,"disable_zaraz":null,"edge_ttl":[],"email_obfuscation":null,"fonts":null,"from_list":[{"key":"http.request.full_uri","name":"redirectwww"}],"from_value":[],"headers":[],"host_header":null,"hotlink_protection":null,"id":null,"increment":null,"matched_data":[],"mirage":null,"opportunistic_encryption":null,"origin":[],"origin_cache_control":null,"origin_error_page_passthru":null,"overrides":[],"phases":null,"polish":null,"products":null,"read_timeout":null,"request_fields":null,"respect_strong_etags":null,"response":[],"response_fields":null,"rocket_loader":null,"rules":null,"ruleset":null,"rulesets":null,"security_level":null,"serve_stale":[],"server_side_excludes":null,"sni":[],"ssl":null,"status_code":null,"sxg":null,"uri":[],"version":null}],"description":"apply_www_redirect","enabled":true,"exposed_credential_check":[],"expression":"http.request.full_uri in $redirectwww","id":"d1259f3070db4096ae1be2a7b1ddb3b5","last_updated":"2024-07-29 18:13:30.005189 +0000 UTC","logging":[],"ratelimit":[],"ref":"d1259f3070db4096ae1be2a7b1ddb3b5","version":"1"}],"zone_id":null},"sensitive_attributes":[],"dependencies":["data.cloudflare_accounts.jollyjerr"]}]}],"check_results":null}
