{
  "version": 4,
  "terraform_version": "1.7.3",
  "serial": 10,
  "lineage": "4cb6b1a0-ab14-5dca-28a9-98566aed0950",
  "outputs": {},
  "resources": [
    {
      "mode": "data",
      "type": "cloudflare_accounts",
      "name": "jollyjerr",
      "provider": "provider[\"registry.opentofu.org/cloudflare/cloudflare\"]",
      "instances": [
        {
          "schema_version": 0,
          "attributes": {
            "accounts": [
              {
                "enforce_twofactor": false,
                "id": "32d529bf661fa19ba2948d223ba91459",
                "name": "jollyjerr",
                "type": "standard"
              }
            ],
            "id": "cf78ec1a617816adf62e226c108cf01f",
            "name": "jollyjerr"
          },
          "sensitive_attributes": []
        }
      ]
    },
    {
      "mode": "managed",
      "type": "cloudflare_pages_project",
      "name": "jtabb",
      "provider": "provider[\"registry.opentofu.org/cloudflare/cloudflare\"]",
      "instances": [
        {
          "schema_version": 0,
          "attributes": {
            "account_id": "32d529bf661fa19ba2948d223ba91459",
            "build_config": [
              {
                "build_caching": false,
                "build_command": "pnpm install \u0026\u0026 pnpm build",
                "destination_dir": ".svelte-kit/cloudflare",
                "root_dir": "",
                "web_analytics_tag": "",
                "web_analytics_token": ""
              }
            ],
            "created_on": "2024-07-25T19:12:50Z",
            "deployment_configs": [
              {
                "preview": [
                  {
                    "always_use_latest_compatibility_date": false,
                    "compatibility_date": "2024-07-25",
                    "compatibility_flags": [],
                    "d1_databases": {},
                    "durable_object_namespaces": {},
                    "environment_variables": {},
                    "fail_open": false,
                    "kv_namespaces": {},
                    "placement": [
                      {
                        "mode": ""
                      }
                    ],
                    "r2_buckets": {},
                    "secrets": {},
                    "service_binding": [],
                    "usage_model": "standard"
                  }
                ],
                "production": [
                  {
                    "always_use_latest_compatibility_date": false,
                    "compatibility_date": "2024-07-25",
                    "compatibility_flags": [],
                    "d1_databases": {},
                    "durable_object_namespaces": {},
                    "environment_variables": {},
                    "fail_open": false,
                    "kv_namespaces": {},
                    "placement": [
                      {
                        "mode": ""
                      }
                    ],
                    "r2_buckets": {},
                    "secrets": {},
                    "service_binding": [],
                    "usage_model": "standard"
                  }
                ]
              }
            ],
            "domains": [
              "jtabb.pages.dev"
            ],
            "id": "jtabb",
            "name": "jtabb",
            "production_branch": "main",
            "source": [
              {
                "config": [
                  {
                    "deployments_enabled": true,
                    "owner": "jollyjerr",
                    "pr_comments_enabled": true,
                    "preview_branch_excludes": [
                      "main"
                    ],
                    "preview_branch_includes": [
                      "preview"
                    ],
                    "preview_deployment_setting": "all",
                    "production_branch": "main",
                    "production_deployment_enabled": true,
                    "repo_name": "jollyjerr"
                  }
                ],
                "type": "github"
              }
            ],
            "subdomain": "jtabb.pages.dev"
          },
          "sensitive_attributes": [],
          "private": "bnVsbA==",
          "dependencies": [
            "data.cloudflare_accounts.jollyjerr"
          ]
        }
      ]
    }
  ],
  "check_results": null
}
